
Microsoft Visual Studio Solution File, Format Version 12.00
Project("{FAE04EC0-301F-11D3-BF4B-00C04F79EFBC}") = "Lab11-ZeaBurga", "Lab11-ZeaBurga\Lab11-ZeaBurga.csproj", "{0945B7BF-F06A-416A-8D83-3F5B180028C8}"
EndProject
Project("{FAE04EC0-301F-11D3-BF4B-00C04F79EFBC}") = "Lab11-ZeaBurga.Domain", "Lab11-ZeaBurga.Domain\Lab11-ZeaBurga.Domain.csproj", "{4B4C0F7A-9C8D-4AC9-BE98-AB8E6B86AAC0}"
EndProject
Project("{FAE04EC0-301F-11D3-BF4B-00C04F79EFBC}") = "Lab11-ZeaBurga.Application", "Lab11-ZeaBurga.Application\Lab11-ZeaBurga.Application.csproj", "{C37B780A-4B22-4096-9B65-1D68C8860CAE}"
EndProject
Project("{FAE04EC0-301F-11D3-BF4B-00C04F79EFBC}") = "Lab11-ZeaBurga.Infrastructure", "Lab11-ZeaBurga.Infrastructure\Lab11-ZeaBurga.Infrastructure.csproj", "{3AFA3DAA-97C7-4261-A19F-7B9A19A28CB5}"
EndProject
Global
	GlobalSection(SolutionConfigurationPlatforms) = preSolution
		Debug|Any CPU = Debug|Any CPU
		Release|Any CPU = Release|Any CPU
	EndGlobalSection
	GlobalSection(ProjectConfigurationPlatforms) = postSolution
		{0945B7BF-F06A-416A-8D83-3F5B180028C8}.Debug|Any CPU.ActiveCfg = Debug|Any CPU
		{0945B7BF-F06A-416A-8D83-3F5B180028C8}.Debug|Any CPU.Build.0 = Debug|Any CPU
		{0945B7BF-F06A-416A-8D83-3F5B180028C8}.Release|Any CPU.ActiveCfg = Release|Any CPU
		{0945B7BF-F06A-416A-8D83-3F5B180028C8}.Release|Any CPU.Build.0 = Release|Any CPU
		{4B4C0F7A-9C8D-4AC9-BE98-AB8E6B86AAC0}.Debug|Any CPU.ActiveCfg = Debug|Any CPU
		{4B4C0F7A-9C8D-4AC9-BE98-AB8E6B86AAC0}.Debug|Any CPU.Build.0 = Debug|Any CPU
		{4B4C0F7A-9C8D-4AC9-BE98-AB8E6B86AAC0}.Release|Any CPU.ActiveCfg = Release|Any CPU
		{4B4C0F7A-9C8D-4AC9-BE98-AB8E6B86AAC0}.Release|Any CPU.Build.0 = Release|Any CPU
		{C37B780A-4B22-4096-9B65-1D68C8860CAE}.Debug|Any CPU.ActiveCfg = Debug|Any CPU
		{C37B780A-4B22-4096-9B65-1D68C8860CAE}.Debug|Any CPU.Build.0 = Debug|Any CPU
		{C37B780A-4B22-4096-9B65-1D68C8860CAE}.Release|Any CPU.ActiveCfg = Release|Any CPU
		{C37B780A-4B22-4096-9B65-1D68C8860CAE}.Release|Any CPU.Build.0 = Release|Any CPU
		{3AFA3DAA-97C7-4261-A19F-7B9A19A28CB5}.Debug|Any CPU.ActiveCfg = Debug|Any CPU
		{3AFA3DAA-97C7-4261-A19F-7B9A19A28CB5}.Debug|Any CPU.Build.0 = Debug|Any CPU
		{3AFA3DAA-97C7-4261-A19F-7B9A19A28CB5}.Release|Any CPU.ActiveCfg = Release|Any CPU
		{3AFA3DAA-97C7-4261-A19F-7B9A19A28CB5}.Release|Any CPU.Build.0 = Release|Any CPU
	EndGlobalSection
	GlobalSection(NestedProjects) = preSolution
	EndGlobalSection
EndGlobal
